
Microsoft Visual Studio Solution File, Format Version 12.00
# Visual Studio Version 17
VisualStudioVersion = 17.7.34024.191
MinimumVisualStudioVersion = 10.0.40219.1
Project("{FAE04EC0-301F-11D3-BF4B-00C04F79EFBC}") = "Shop", "Shop\Shop.csproj", "{7EF24A0F-A2FB-40C0-B9F8-A2B829919654}"
EndProject
Global
	GlobalSection(SolutionConfigurationPlatforms) = preSolution
		Debug|Any CPU = Debug|Any CPU
		Release|Any CPU = Release|Any CPU
	EndGlobalSection
	GlobalSection(ProjectConfigurationPlatforms) = postSolution
		{7EF24A0F-A2FB-40C0-B9F8-A2B829919654}.Debug|Any CPU.ActiveCfg = Debug|Any CPU
		{7EF24A0F-A2FB-40C0-B9F8-A2B829919654}.Debug|Any CPU.Build.0 = Debug|Any CPU
		{7EF24A0F-A2FB-40C0-B9F8-A2B829919654}.Release|Any CPU.ActiveCfg = Release|Any CPU
		{7EF24A0F-A2FB-40C0-B9F8-A2B829919654}.Release|Any CPU.Build.0 = Release|Any CPU
	EndGlobalSection
	GlobalSection(SolutionProperties) = preSolution
		HideSolutionNode = FALSE
	EndGlobalSection
	GlobalSection(ExtensibilityGlobals) = postSolution
		SolutionGuid = {D8FA5232-7B30-4FC5-AE17-5E6C6E3D8549}
	EndGlobalSection
EndGlobal
